
Microsoft Visual Studio Solution File, Format Version 12.00
# Visual Studio Version 16
VisualStudioVersion = 16.0.33920.266
MinimumVisualStudioVersion = 10.0.40219.1
Project("{FAE04EC0-301F-11D3-BF4B-00C04F79EFBC}") = "20(2)", "20(2).csproj", "{276762B6-0B18-4A6F-ADDE-8EF958E3C869}"
EndProject
Global
	GlobalSection(SolutionConfigurationPlatforms) = preSolution
		Debug|Any CPU = Debug|Any CPU
		Release|Any CPU = Release|Any CPU
	EndGlobalSection
	GlobalSection(ProjectConfigurationPlatforms) = postSolution
		{276762B6-0B18-4A6F-ADDE-8EF958E3C869}.Debug|Any CPU.ActiveCfg = Debug|Any CPU
		{276762B6-0B18-4A6F-ADDE-8EF958E3C869}.Debug|Any CPU.Build.0 = Debug|Any CPU
		{276762B6-0B18-4A6F-ADDE-8EF958E3C869}.Release|Any CPU.ActiveCfg = Release|Any CPU
		{276762B6-0B18-4A6F-ADDE-8EF958E3C869}.Release|Any CPU.Build.0 = Release|Any CPU
	EndGlobalSection
	GlobalSection(SolutionProperties) = preSolution
		HideSolutionNode = FALSE
	EndGlobalSection
	GlobalSection(ExtensibilityGlobals) = postSolution
		SolutionGuid = {F25A049B-8590-4B20-B462-C2B6DBEFCF34}
	EndGlobalSection
EndGlobal
